github.com/riobard/go-bloom v0.0.0-20200614022211-cdc8013cb5b3 h1:f/FNXud6gA3MNr8meMVVGxhp+QBTqY91tM8HjEuMjGg=
github.com/riobard/go-bloom v0.0.0-20200614022211-cdc8013cb5b3/go.mod h1:HgjTstvQsPGkxUsCd2KWxErBblirPizecHcpD3ffK+s=
github.com/zhigui-projects/gm-go v0.0.0-20200510034956-8e4ef670d055 h1:SpG238mmCez9TdHDu0Qba+ol57R+/pUxvJsDXT22Fug=
github.com/zhigui-projects/gm-go v0.0.0-20200510034956-8e4ef670d055/go.mod h1:CiDImH0b0JKWrAXdXqw9cBrz31oDVUBWdthDYs7dpkI=
golang.org/x/crypto v0.10.0 h1:LKqV2xt9+kDzSTfOhx4FrkEBcMrAgHSYgzywV9zcGmM=
golang.org/x/crypto v0.10.0/go.mod h1:o4eNf7Ede1fv+hwOwZsTHl9EsPFO6q6ZvYR8vYfY45I=
golang.org/x/sys v0.9.0 h1:KS/R3tvhPqvJvwcKfnBHJwwthS11LRhmM5D59eEXa0s=
golang.org/x/sys v0.9.0/go.mod h1:oPkhp1MJrh7nUepCBck5+mAzfO9JrbApNNgaTdGDITg=
